
Microsoft Visual Studio Solution File, Format Version 12.00
# Visual Studio Version 17
VisualStudioVersion = 17.3.32929.385
MinimumVisualStudioVersion = 10.0.40219.1
Project("{2150E333-8FDC-42A3-9474-1A3956D46DE8}") = "Web", "Web", "{E9D0CAE7-2D4E-49FA-A899-A54D99BAE645}"
EndProject
Project("{2150E333-8FDC-42A3-9474-1A3956D46DE8}") = "Services", "Services", "{F78D1DE7-D4C7-475D-898C-67690B80E344}"
EndProject
Project("{9A19103F-16F7-4668-BE54-9A1E7A4F7556}") = "DailyDolce.Services.ProductApi", "DailyDolce.Services.ProductAPI\DailyDolce.Services.ProductApi.csproj", "{7700818C-C6E4-474D-8EBC-D69CDAA71B2A}"
EndProject
Project("{9A19103F-16F7-4668-BE54-9A1E7A4F7556}") = "DailyDolce.Web", "DailyDolce.Web\DailyDolce.Web.csproj", "{EF1AA0A1-8414-4CD1-A6F3-3B49B643A382}"
EndProject
Project("{9A19103F-16F7-4668-BE54-9A1E7A4F7556}") = "DailyDolce.Services.Identity", "DailyDolce.Services.Identity\DailyDolce.Services.Identity.csproj", "{C7B59153-6959-4A16-AB1A-C808156A7DC1}"
EndProject
Project("{9A19103F-16F7-4668-BE54-9A1E7A4F7556}") = "DailyDolce.Services.ShoppingCartApi", "DailyDolce.Services.ShoppingCartApi\DailyDolce.Services.ShoppingCartApi.csproj", "{E64ABC9F-968D-4855-A846-B0C3AAAB5C8B}"
EndProject
Project("{9A19103F-16F7-4668-BE54-9A1E7A4F7556}") = "DailyDolce.Services.CouponApi", "DailyDolce.Services.CouponApi\DailyDolce.Services.CouponApi.csproj", "{83F7A535-65E0-4D76-8DDA-517A61811B10}"
EndProject
Project("{2150E333-8FDC-42A3-9474-1A3956D46DE8}") = "Integration", "Integration", "{2683FEF5-F86C-4A4D-8F07-F533D04236B0}"
EndProject
Project("{9A19103F-16F7-4668-BE54-9A1E7A4F7556}") = "DailyDolce.MessageBus", "DailyDolce.MessageBus\DailyDolce.MessageBus.csproj", "{F8A50B08-FC5A-42D6-9735-9E7F4AE63A2D}"
EndProject
Project("{2150E333-8FDC-42A3-9474-1A3956D46DE8}") = "Payment", "Payment", "{150B8D47-F6BC-4890-BAA8-C938D706BA09}"
EndProject
Project("{9A19103F-16F7-4668-BE54-9A1E7A4F7556}") = "PaymentProcessorSolution", "PaymentProcessor\PaymentProcessorSolution.csproj", "{1A3F9053-6419-48A2-920A-B5FADD2F9AA8}"
EndProject
Project("{9A19103F-16F7-4668-BE54-9A1E7A4F7556}") = "DailyDolce.Services.Payment", "DailyDolce.Services.Payment\DailyDolce.Services.Payment.csproj", "{B4A0ED8A-5901-4ECF-AABF-DFF7D186041B}"
EndProject
Project("{9A19103F-16F7-4668-BE54-9A1E7A4F7556}") = "DailyDolce.Services.OrderApi", "DailyDolce.Services.OrderApi\DailyDolce.Services.OrderApi.csproj", "{E4F3BE83-B903-4FCD-9EC4-BB4B75F18DF4}"
EndProject
Project("{2150E333-8FDC-42A3-9474-1A3956D46DE8}") = "Gateway", "Gateway", "{94F78D42-869D-40C3-A54D-FB3C79A062F1}"
EndProject
Project("{FAE04EC0-301F-11D3-BF4B-00C04F79EFBC}") = "DailyDolce.Gateway", "DailyDolce.Gateway\DailyDolce.Gateway.csproj", "{C14250AA-B93B-4FB3-A12B-EA433F72A394}"
EndProject
Global
	GlobalSection(SolutionConfigurationPlatforms) = preSolution
		Debug|Any CPU = Debug|Any CPU
		Release|Any CPU = Release|Any CPU
	EndGlobalSection
	GlobalSection(ProjectConfigurationPlatforms) = postSolution
		{7700818C-C6E4-474D-8EBC-D69CDAA71B2A}.Debug|Any CPU.ActiveCfg = Debug|Any CPU
		{7700818C-C6E4-474D-8EBC-D69CDAA71B2A}.Debug|Any CPU.Build.0 = Debug|Any CPU
		{7700818C-C6E4-474D-8EBC-D69CDAA71B2A}.Release|Any CPU.ActiveCfg = Release|Any CPU
		{7700818C-C6E4-474D-8EBC-D69CDAA71B2A}.Release|Any CPU.Build.0 = Release|Any CPU
		{EF1AA0A1-8414-4CD1-A6F3-3B49B643A382}.Debug|Any CPU.ActiveCfg = Debug|Any CPU
		{EF1AA0A1-8414-4CD1-A6F3-3B49B643A382}.Debug|Any CPU.Build.0 = Debug|Any CPU
		{EF1AA0A1-8414-4CD1-A6F3-3B49B643A382}.Release|Any CPU.ActiveCfg = Release|Any CPU
		{EF1AA0A1-8414-4CD1-A6F3-3B49B643A382}.Release|Any CPU.Build.0 = Release|Any CPU
		{C7B59153-6959-4A16-AB1A-C808156A7DC1}.Debug|Any CPU.ActiveCfg = Debug|Any CPU
		{C7B59153-6959-4A16-AB1A-C808156A7DC1}.Debug|Any CPU.Build.0 = Debug|Any CPU
		{C7B59153-6959-4A16-AB1A-C808156A7DC1}.Release|Any CPU.ActiveCfg = Release|Any CPU
		{C7B59153-6959-4A16-AB1A-C808156A7DC1}.Release|Any CPU.Build.0 = Release|Any CPU
		{E64ABC9F-968D-4855-A846-B0C3AAAB5C8B}.Debug|Any CPU.ActiveCfg = Debug|Any CPU
		{E64ABC9F-968D-4855-A846-B0C3AAAB5C8B}.Debug|Any CPU.Build.0 = Debug|Any CPU
		{E64ABC9F-968D-4855-A846-B0C3AAAB5C8B}.Release|Any CPU.ActiveCfg = Release|Any CPU
		{E64ABC9F-968D-4855-A846-B0C3AAAB5C8B}.Release|Any CPU.Build.0 = Release|Any CPU
		{83F7A535-65E0-4D76-8DDA-517A61811B10}.Debug|Any CPU.ActiveCfg = Debug|Any CPU
		{83F7A535-65E0-4D76-8DDA-517A61811B10}.Debug|Any CPU.Build.0 = Debug|Any CPU
		{83F7A535-65E0-4D76-8DDA-517A61811B10}.Release|Any CPU.ActiveCfg = Release|Any CPU
		{83F7A535-65E0-4D76-8DDA-517A61811B10}.Release|Any CPU.Build.0 = Release|Any CPU
		{F8A50B08-FC5A-42D6-9735-9E7F4AE63A2D}.Debug|Any CPU.ActiveCfg = Debug|Any CPU
		{F8A50B08-FC5A-42D6-9735-9E7F4AE63A2D}.Debug|Any CPU.Build.0 = Debug|Any CPU
		{F8A50B08-FC5A-42D6-9735-9E7F4AE63A2D}.Release|Any CPU.ActiveCfg = Release|Any CPU
		{F8A50B08-FC5A-42D6-9735-9E7F4AE63A2D}.Release|Any CPU.Build.0 = Release|Any CPU
		{1A3F9053-6419-48A2-920A-B5FADD2F9AA8}.Debug|Any CPU.ActiveCfg = Debug|Any CPU
		{1A3F9053-6419-48A2-920A-B5FADD2F9AA8}.Debug|Any CPU.Build.0 = Debug|Any CPU
		{1A3F9053-6419-48A2-920A-B5FADD2F9AA8}.Release|Any CPU.ActiveCfg = Release|Any CPU
		{1A3F9053-6419-48A2-920A-B5FADD2F9AA8}.Release|Any CPU.Build.0 = Release|Any CPU
		{B4A0ED8A-5901-4ECF-AABF-DFF7D186041B}.Debug|Any CPU.ActiveCfg = Debug|Any CPU
		{B4A0ED8A-5901-4ECF-AABF-DFF7D186041B}.Debug|Any CPU.Build.0 = Debug|Any CPU
		{B4A0ED8A-5901-4ECF-AABF-DFF7D186041B}.Release|Any CPU.ActiveCfg = Release|Any CPU
		{B4A0ED8A-5901-4ECF-AABF-DFF7D186041B}.Release|Any CPU.Build.0 = Release|Any CPU
		{E4F3BE83-B903-4FCD-9EC4-BB4B75F18DF4}.Debug|Any CPU.ActiveCfg = Debug|Any CPU
		{E4F3BE83-B903-4FCD-9EC4-BB4B75F18DF4}.Debug|Any CPU.Build.0 = Debug|Any CPU
		{E4F3BE83-B903-4FCD-9EC4-BB4B75F18DF4}.Release|Any CPU.ActiveCfg = Release|Any CPU
		{E4F3BE83-B903-4FCD-9EC4-BB4B75F18DF4}.Release|Any CPU.Build.0 = Release|Any CPU
		{C14250AA-B93B-4FB3-A12B-EA433F72A394}.Debug|Any CPU.ActiveCfg = Debug|Any CPU
		{C14250AA-B93B-4FB3-A12B-EA433F72A394}.Debug|Any CPU.Build.0 = Debug|Any CPU
		{C14250AA-B93B-4FB3-A12B-EA433F72A394}.Release|Any CPU.ActiveCfg = Release|Any CPU
		{C14250AA-B93B-4FB3-A12B-EA433F72A394}.Release|Any CPU.Build.0 = Release|Any CPU
	EndGlobalSection
	GlobalSection(SolutionProperties) = preSolution
		HideSolutionNode = FALSE
	EndGlobalSection
	GlobalSection(NestedProjects) = preSolution
		{7700818C-C6E4-474D-8EBC-D69CDAA71B2A} = {F78D1DE7-D4C7-475D-898C-67690B80E344}
		{EF1AA0A1-8414-4CD1-A6F3-3B49B643A382} = {E9D0CAE7-2D4E-49FA-A899-A54D99BAE645}
		{C7B59153-6959-4A16-AB1A-C808156A7DC1} = {F78D1DE7-D4C7-475D-898C-67690B80E344}
		{E64ABC9F-968D-4855-A846-B0C3AAAB5C8B} = {F78D1DE7-D4C7-475D-898C-67690B80E344}
		{83F7A535-65E0-4D76-8DDA-517A61811B10} = {F78D1DE7-D4C7-475D-898C-67690B80E344}
		{F8A50B08-FC5A-42D6-9735-9E7F4AE63A2D} = {2683FEF5-F86C-4A4D-8F07-F533D04236B0}
		{1A3F9053-6419-48A2-920A-B5FADD2F9AA8} = {150B8D47-F6BC-4890-BAA8-C938D706BA09}
		{B4A0ED8A-5901-4ECF-AABF-DFF7D186041B} = {F78D1DE7-D4C7-475D-898C-67690B80E344}
		{E4F3BE83-B903-4FCD-9EC4-BB4B75F18DF4} = {F78D1DE7-D4C7-475D-898C-67690B80E344}
		{C14250AA-B93B-4FB3-A12B-EA433F72A394} = {94F78D42-869D-40C3-A54D-FB3C79A062F1}
	EndGlobalSection
	GlobalSection(ExtensibilityGlobals) = postSolution
		SolutionGuid = {7F894C11-F97C-44FE-9168-CB7E9393AF8E}
	EndGlobalSection
EndGlobal
